
Microsoft Visual Studio Solution File, Format Version 12.00
# Visual Studio Version 16
VisualStudioVersion = 25.0.1704.0
MinimumVisualStudioVersion = 10.0.40219.1
Project("{FAE04EC0-301F-11D3-BF4B-00C04F79EFBC}") = "LuiTool", "src/LuiTool/LuiTool.csproj", "{6F43F99E-CBB0-4457-B8EE-64626E96DCF8}"
EndProject
Global
	GlobalSection(SolutionConfigurationPlatforms) = preSolution
		Debug|Any CPU = Debug|Any CPU
		Release|Any CPU = Release|Any CPU
	EndGlobalSection
	GlobalSection(ProjectConfigurationPlatforms) = postSolution
		{6F43F99E-CBB0-4457-B8EE-64626E96DCF8}.Debug|Any CPU.ActiveCfg = Debug|Any CPU
		{6F43F99E-CBB0-4457-B8EE-64626E96DCF8}.Debug|Any CPU.Build.0 = Debug|Any CPU
		{6F43F99E-CBB0-4457-B8EE-64626E96DCF8}.Release|Any CPU.ActiveCfg = Release|Any CPU
		{6F43F99E-CBB0-4457-B8EE-64626E96DCF8}.Release|Any CPU.Build.0 = Release|Any CPU
	EndGlobalSection
	GlobalSection(SolutionProperties) = preSolution
		HideSolutionNode = FALSE
	EndGlobalSection
	GlobalSection(ExtensibilityGlobals) = postSolution
		SolutionGuid = {78830A93-637B-4A2B-AE79-898EF2DAA8A2}
	EndGlobalSection
EndGlobal
